
Microsoft Visual Studio Solution File, Format Version 12.00
Project("{FAE04EC0-301F-11D3-BF4B-00C04F79EFBC}") = "MenuLib", "MenuLib\MenuLib.csproj", "{0CE59332-D696-4EE7-87E5-84EBC3481605}"
EndProject
Global
	GlobalSection(SolutionConfigurationPlatforms) = preSolution
		Debug|Any CPU = Debug|Any CPU
		Release|Any CPU = Release|Any CPU
	EndGlobalSection
	GlobalSection(ProjectConfigurationPlatforms) = postSolution
		{0CE59332-D696-4EE7-87E5-84EBC3481605}.Debug|Any CPU.ActiveCfg = Debug|Any CPU
		{0CE59332-D696-4EE7-87E5-84EBC3481605}.Debug|Any CPU.Build.0 = Debug|Any CPU
		{0CE59332-D696-4EE7-87E5-84EBC3481605}.Release|Any CPU.ActiveCfg = Release|Any CPU
		{0CE59332-D696-4EE7-87E5-84EBC3481605}.Release|Any CPU.Build.0 = Release|Any CPU
	EndGlobalSection
EndGlobal
